{
  "version": 4,
  "terraform_version": "0.12.4",
  "serial": 25,
  "lineage": "89757db1-6cce-69c7-dc82-26e7d0ec4aea",
  "outputs": {},
  "resources": [
    {
      "mode": "managed",
      "type": "google_compute_firewall",
      "name": "ssh",
      "provider": "provider.google",
      "instances": [
        {
          "schema_version": 1,
          "attributes": {
            "allow": [
              {
                "ports": [
                  "22",
                  "80",
                  "443"
                ],
                "protocol": "tcp"
              },
              {
                "ports": [],
                "protocol": "icmp"
              }
            ],
            "creation_timestamp": "2019-07-19T08:46:28.367-07:00",
            "deny": [],
            "description": "",
            "destination_ranges": [],
            "direction": "INGRESS",
            "disabled": false,
            "id": "shipy-platform-ssh",
            "name": "shipy-platform-ssh",
            "network": "https://www.googleapis.com/compute/v1/projects/dmba-224911/global/networks/shipy-platform",
            "priority": 1000,
            "project": "dmba-224911",
            "self_link": "https://www.googleapis.com/compute/v1/projects/dmba-224911/global/firewalls/shipy-platform-ssh",
            "source_ranges": [
              "0.0.0.0/0"
            ],
            "source_service_accounts": null,
            "source_tags": null,
            "target_service_accounts": null,
            "target_tags": null,
            "timeouts": null
          },
          "private": "eyJlMmJmYjczMC1lY2FhLTExZTYtOGY4OC0zNDM2M2JjN2M0YzAiOnsiY3JlYXRlIjoyNDAwMDAwMDAwMDAsImRlbGV0ZSI6MjQwMDAwMDAwMDAwLCJ1cGRhdGUiOjI0MDAwMDAwMDAwMH0sInNjaGVtYV92ZXJzaW9uIjoiMSJ9",
          "depends_on": [
            "google_compute_network.shipy-network"
          ]
        }
      ]
    },
    {
      "mode": "managed",
      "type": "google_compute_network",
      "name": "shipy-network",
      "provider": "provider.google",
      "instances": [
        {
          "schema_version": 0,
          "attributes": {
            "auto_create_subnetworks": true,
            "delete_default_routes_on_create": false,
            "description": "",
            "gateway_ipv4": "",
            "id": "shipy-platform",
            "ipv4_range": "",
            "name": "shipy-platform",
            "project": "dmba-224911",
            "routing_mode": "REGIONAL",
            "self_link": "https://www.googleapis.com/compute/v1/projects/dmba-224911/global/networks/shipy-platform",
            "timeouts": null
          },
          "private": "eyJlMmJmYjczMC1lY2FhLTExZTYtOGY4OC0zNDM2M2JjN2M0YzAiOnsiY3JlYXRlIjoyNDAwMDAwMDAwMDAsImRlbGV0ZSI6MjQwMDAwMDAwMDAwLCJ1cGRhdGUiOjI0MDAwMDAwMDAwMH19"
        }
      ]
    },
    {
      "mode": "managed",
      "type": "google_compute_subnetwork",
      "name": "shipy-freight",
      "provider": "provider.google",
      "instances": [
        {
          "schema_version": 0,
          "attributes": {
            "creation_timestamp": "2019-07-19T08:46:28.432-07:00",
            "description": "",
            "enable_flow_logs": false,
            "fingerprint": "GPraW4cF0DM=",
            "gateway_address": "10.1.2.1",
            "id": "europe-west2/dev-shipy-platform-europe-west2",
            "ip_cidr_range": "10.1.2.0/24",
            "name": "dev-shipy-platform-europe-west2",
            "network": "https://www.googleapis.com/compute/v1/projects/dmba-224911/global/networks/shipy-platform",
            "private_ip_google_access": false,
            "project": "dmba-224911",
            "region": "europe-west2",
            "secondary_ip_range": [],
            "self_link": "https://www.googleapis.com/compute/v1/projects/dmba-224911/regions/europe-west2/subnetworks/dev-shipy-platform-europe-west2",
            "timeouts": null
          },
          "private": "eyJlMmJmYjczMC1lY2FhLTExZTYtOGY4OC0zNDM2M2JjN2M0YzAiOnsiY3JlYXRlIjozNjAwMDAwMDAwMDAsImRlbGV0ZSI6MzYwMDAwMDAwMDAwLCJ1cGRhdGUiOjM2MDAwMDAwMDAwMH19",
          "depends_on": [
            "google_compute_network.shipy-network"
          ]
        }
      ]
    },
    {
      "mode": "managed",
      "type": "google_container_cluster",
      "name": "shipy-freight-cluster",
      "provider": "provider.google",
      "instances": [
        {
          "schema_version": 1,
          "attributes": {
            "additional_zones": [],
            "addons_config": [
              {
                "horizontal_pod_autoscaling": [],
                "http_load_balancing": [],
                "kubernetes_dashboard": [
                  {
                    "disabled": true
                  }
                ],
                "network_policy_config": [
                  {
                    "disabled": true
                  }
                ]
              }
            ],
            "cluster_autoscaling": [],
            "cluster_ipv4_cidr": "10.48.0.0/14",
            "description": "",
            "enable_binary_authorization": null,
            "enable_intranode_visibility": null,
            "enable_kubernetes_alpha": false,
            "enable_legacy_abac": false,
            "enable_tpu": null,
            "endpoint": "35.189.108.207",
            "id": "shipy-freight-cluster",
            "initial_node_count": 1,
            "instance_group_urls": [
              "https://www.googleapis.com/compute/v1/projects/dmba-224911/zones/europe-west2-a/instanceGroups/gke-shipy-freight-cluste-default-pool-126fe351-grp"
            ],
            "ip_allocation_policy": [],
            "location": "europe-west2-a",
            "logging_service": "logging.googleapis.com",
            "maintenance_policy": [],
            "master_auth": [
              {
                "client_certificate": "",
                "client_certificate_config": [
                  {
                    "issue_client_certificate": false
                  }
                ],
                "client_key": "",
                "cluster_ca_certificate": "LS0tLS1CRUdJTiBDRVJUSUZJQ0FURS0tLS0tCk1JSURDekNDQWZPZ0F3SUJBZ0lRWWl3V2NEWUNQaWcwMGlmKyt6WFkxVEFOQmdrcWhraUc5dzBCQVFzRkFEQXYKTVMwd0t3WURWUVFERXlRMk9XRXhZVFF4T0Mxa05EUTFMVFF3TUdFdFlUZzVOQzB3TW1SallqSmlPV0UxT1dVdwpIaGNOTVRrd056RTVNVFEwTmpVMldoY05NalF3TnpFM01UVTBOalUyV2pBdk1TMHdLd1lEVlFRREV5UTJPV0V4CllUUXhPQzFrTkRRMUxUUXdNR0V0WVRnNU5DMHdNbVJqWWpKaU9XRTFPV1V3Z2dFaU1BMEdDU3FHU0liM0RRRUIKQVFVQUE0SUJEd0F3Z2dFS0FvSUJBUURPSVZJZ1l5WVFadzUrQmhNRVBZbVB1bGw2WFpadnZ6cmhMWTNQZ0s5bwpMUnlFR1JHSE9SMzd6dmgzSlgwNElwOXpZWU85d0lOZnkvd1Z4anhXSU4rME1FcUphekk5YmxOZTU4a3JuQVAyCi9CZ1BTWTAvU055SldxaEcyc01zK2JnS3U2dzRlZGtzdURaSHM5dTByL2hPblNSd2ovM1hRYUNkdml6QlZ6RloKeWV3dGkrM3loWjBqdFBWZWY4dXpGZVVDSXdvZDVnN1k4WUNDSndzRnlqZmQwU2UzQjV2UzVXcTBlSTBURC9MawphUDgvTldXTlhiMmJZOUtPZW9MQkI4aEZDUWFzZW1qbUtrTzRMU01rRVl3MEVyNFpYcURoWm5iMkJQUHRqekdVCmtmYXIzaS9yY0p4QjJZdHdWUVFFdXQ2NGgxR2lOKzlJVmtrOGYyTEpqV0ovQWdNQkFBR2pJekFoTUE0R0ExVWQKRHdFQi93UUVBd0lDQkRBUEJnTlZIUk1CQWY4RUJUQURBUUgvTUEwR0NTcUdTSWIzRFFFQkN3VUFBNElCQVFCeAo2cDVRRzBRaDExUW1TaExjVkZhYnllZkpkeVE4enU3cEpQZlpjVUJNazBoR0t2eVR4QW9Mb1crTlpZU1liaGlQClJ2Zzlvc1AwN2FXNTZmR0NmNUlzTVFnODdhOWcvZVhvdGZPQUtSSFA3UjhJTEdsRnFDVXNFaE9weklpeFJpWk8KL0lONUE2MkZaTmtOZ0VrMnJkYnk2REYwZjk3WlFmN3BvZzdYSURiNmtNV0ZUb1NROGRMQi9MQ1htM0NyNTgxQQpJa2VPTm1VZWREZkNjY2RVSng5ckZRN3JjR2gyM1NpSktDclEweGV3Wkd3Sml2aGpjckhOOVYyYUdGR2YrRG9XCis3YlBuUFFXeUhBdWlSSThQSkphRUxYajEzeVRsbXp4Y2I5Z0ZwblltY2wwZkxxa3dOTDhvL2FlNGVuUzYxL0YKVndWRy9ENnVEYXczVmw5YWVGb0YKLS0tLS1FTkQgQ0VSVElGSUNBVEUtLS0tLQo=",
                "password": "",
                "username": ""
              }
            ],
            "master_authorized_networks_config": [],
            "master_version": "1.12.8-gke.10",
            "min_master_version": null,
            "monitoring_service": "monitoring.googleapis.com",
            "name": "shipy-freight-cluster",
            "network": "projects/dmba-224911/global/networks/shipy-platform",
            "network_policy": [
              {
                "enabled": false,
                "provider": "PROVIDER_UNSPECIFIED"
              }
            ],
            "node_config": [
              {
                "disk_size_gb": 100,
                "disk_type": "pd-standard",
                "guest_accelerator": [],
                "image_type": "COS",
                "labels": {},
                "local_ssd_count": 0,
                "machine_type": "n1-standard-1",
                "metadata": {
                  "disable-legacy-endpoints": "true"
                },
                "min_cpu_platform": "",
                "oauth_scopes": [
                  "https://www.googleapis.com/auth/cloud-platform",
                  "https://www.googleapis.com/auth/compute",
                  "https://www.googleapis.com/auth/devstorage.full_control",
                  "https://www.googleapis.com/auth/logging.write",
                  "https://www.googleapis.com/auth/monitoring",
                  "https://www.googleapis.com/auth/projecthosting"
                ],
                "preemptible": false,
                "sandbox_config": [],
                "service_account": "default",
                "tags": null,
                "taint": [],
                "workload_metadata_config": []
              }
            ],
            "node_locations": [],
            "node_pool": [
              {
                "autoscaling": [],
                "initial_node_count": 1,
                "instance_group_urls": [
                  "https://www.googleapis.com/compute/v1/projects/dmba-224911/zones/europe-west2-a/instanceGroupManagers/gke-shipy-freight-cluste-default-pool-126fe351-grp"
                ],
                "management": [
                  {
                    "auto_repair": false,
                    "auto_upgrade": false
                  }
                ],
                "max_pods_per_node": 0,
                "name": "default-pool",
                "name_prefix": "",
                "node_config": [
                  {
                    "disk_size_gb": 100,
                    "disk_type": "pd-standard",
                    "guest_accelerator": [],
                    "image_type": "COS",
                    "labels": {},
                    "local_ssd_count": 0,
                    "machine_type": "n1-standard-1",
                    "metadata": {
                      "disable-legacy-endpoints": "true"
                    },
                    "min_cpu_platform": "",
                    "oauth_scopes": [
                      "https://www.googleapis.com/auth/cloud-platform",
                      "https://www.googleapis.com/auth/compute",
                      "https://www.googleapis.com/auth/devstorage.full_control",
                      "https://www.googleapis.com/auth/logging.write",
                      "https://www.googleapis.com/auth/monitoring",
                      "https://www.googleapis.com/auth/projecthosting"
                    ],
                    "preemptible": false,
                    "sandbox_config": [],
                    "service_account": "default",
                    "tags": [],
                    "taint": [],
                    "workload_metadata_config": []
                  }
                ],
                "node_count": 1,
                "version": "1.12.8-gke.10"
              }
            ],
            "node_version": "1.12.8-gke.10",
            "pod_security_policy_config": [],
            "private_cluster_config": [],
            "project": "dmba-224911",
            "region": null,
            "remove_default_node_pool": null,
            "resource_labels": null,
            "services_ipv4_cidr": "10.51.240.0/20",
            "subnetwork": "projects/dmba-224911/regions/europe-west2/subnetworks/dev-shipy-platform-europe-west2",
            "timeouts": null,
            "zone": "europe-west2-a"
          },
          "private": "eyJlMmJmYjczMC1lY2FhLTExZTYtOGY4OC0zNDM2M2JjN2M0YzAiOnsiY3JlYXRlIjoxODAwMDAwMDAwMDAwLCJkZWxldGUiOjE4MDAwMDAwMDAwMDAsInVwZGF0ZSI6MzYwMDAwMDAwMDAwMH0sInNjaGVtYV92ZXJzaW9uIjoiMSJ9",
          "depends_on": [
            "google_compute_network.shipy-network",
            "google_compute_subnetwork.shipy-freight"
          ]
        }
      ]
    },
    {
      "mode": "managed",
      "type": "google_dns_managed_zone",
      "name": "shipy-freight",
      "provider": "provider.google",
      "instances": [
        {
          "schema_version": 0,
          "attributes": {
            "description": "shipyfreight.com DNS zone",
            "dns_name": "shipyfreight.com.",
            "dnssec_config": [],
            "id": "shipyfreight-com",
            "labels": null,
            "name": "shipyfreight-com",
            "name_servers": [
              "ns-cloud-a1.googledomains.com.",
              "ns-cloud-a2.googledomains.com.",
              "ns-cloud-a3.googledomains.com.",
              "ns-cloud-a4.googledomains.com."
            ],
            "private_visibility_config": [],
            "project": "dmba-224911",
            "timeouts": null,
            "visibility": "public"
          },
          "private": "eyJlMmJmYjczMC1lY2FhLTExZTYtOGY4OC0zNDM2M2JjN2M0YzAiOnsiY3JlYXRlIjoyNDAwMDAwMDAwMDAsImRlbGV0ZSI6MjQwMDAwMDAwMDAwLCJ1cGRhdGUiOjI0MDAwMDAwMDAwMH19"
        }
      ]
    },
    {
      "mode": "managed",
      "type": "google_dns_record_set",
      "name": "dev-k8s-endpoint-shipy-freight",
      "provider": "provider.google",
      "instances": [
        {
          "schema_version": 0,
          "attributes": {
            "id": "shipyfreight-com/k8s.dev.shipyfreight.com./A",
            "managed_zone": "shipyfreight-com",
            "name": "k8s.dev.shipyfreight.com.",
            "project": "dmba-224911",
            "rrdatas": [
              "35.189.108.207"
            ],
            "ttl": 300,
            "type": "A"
          },
          "private": "bnVsbA==",
          "depends_on": [
            "google_container_cluster.shipy-freight-cluster",
            "google_dns_managed_zone.shipy-freight"
          ]
        }
      ]
    }
  ]
}
